github.com/davecgh/go-spew v1.1.0 h1:ZDRjVQ15GmhC3fiQ8ni8+OwkZQO4DARzQgrnXU1Liz8=
github.com/davecgh/go-spew v1.1.0/go.mod h1:J7Y8YcW2NihsgmVo/mv3lAwl/skON4iLHjSsI+c5H38=
github.com/pmezard/go-difflib v1.0.0 h1:4DBwDE0NGyQoBHbLQYPwSUPoCMWR5BEzIk/f1lZbAQM=
github.com/pmezard/go-difflib v1.0.0/go.mod h1:iKH77koFhYxTK1pcRnkKkqfTogsbg7gZNVY4sRDYZ/4=
github.com/stretchr/objx v0.1.0/go.mod h1:HFkY916IF+rwdDfMAkV7OtwuqBVzrE8GR6GFx+wExME=
github.com/stretchr/testify v1.6.1/go.mod h1:6Fq8oRcR53rry900zMqJjRRixrwX3KX962/h/Wwjteg=
github.com/stretchr/testify v1.7.1 h1:5TQK59W5E3v0r2duFAb7P95B6hEeOyEnHRa8MjYSMTY=
github.com/stretchr/testify v1.7.1/go.mod h1:6Fq8oRcR53rry900zMqJjRRixrwX3KX962/h/Wwjteg=
github.com/wasmcloud/actor-tinygo v0.0.0-20220522211514-2bdca5d5227f h1:yZvQgfMWgzNPYRevHpRI4+ryXjitmYlvmYM3C/3qshY=
github.com/wasmcloud/actor-tinygo v0.0.0-20220522211514-2bdca5d5227f/go.mod h1:LNCnQNsT76EfpQ/gWOGzCd4d/LX7El1e+QwtyzJ/gwU=
github.com/wasmcloud/actor-tinygo v0.1.3 h1:Ucv4qW7GMYYcEegzmFO1vyq+aFDPnB6doBbfLZ9ZCK8=
github.com/wasmcloud/actor-tinygo v0.1.3/go.mod h1:YkUiUMwwoutfMg7Zp9wXpL5V2KLjTz96VdqT3CEwRq8=
github.com/wasmcloud/interfaces/httpclient/tinygo v0.0.0-20221229151443-0fe4ba01cccb h1:XDmYTI+PhGRzcoYy03FqhyhHSGA5zqvgXwRY1s7C5Xk=
github.com/wasmcloud/interfaces/httpclient/tinygo v0.0.0-20221229151443-0fe4ba01cccb/go.mod h1:RF7uL3utzzbWcjeZfpCfoJ1rjPWvm3d254lFFXRKU4g=
github.com/wasmcloud/interfaces/httpserver/tinygo v0.0.0-20220522212639-0efc3d405c63 h1:geD6Oph5ebpQStslBIj7D89x8Nwb+sH6z3udZSEAEUc=
github.com/wasmcloud/interfaces/httpserver/tinygo v0.0.0-20220522212639-0efc3d405c63/go.mod h1:2J2pNb09m/V9yL6oNWozx+zzYKiu0PgrPEb8A+HiCJ4=
github.com/wasmcloud/interfaces/httpserver/tinygo v0.0.0-20221229151443-0fe4ba01cccb h1:2FLP01VYVetjQ7TQM98s+bjH3Ln3URiSNynDsRaRhSU=
github.com/wasmcloud/interfaces/httpserver/tinygo v0.0.0-20221229151443-0fe4ba01cccb/go.mod h1:bq8RbFWT/3ItPG1XFBQxAIkrnPyHsvtUSB0yRFNtPxE=
github.com/wasmcloud/tinygo-cbor v0.1.0 h1:n9X+GK5XB3P8TJK4pSzGahcHUmMONW5pZ5f9lTCzsX8=
github.com/wasmcloud/tinygo-cbor v0.1.0/go.mod h1:j7SE4KKfYiyAnLSdEcK2bEyyLA38yCDrGi1wLU+YETQ=
github.com/wasmcloud/tinygo-msgpack v0.1.3-0.20220520001432-192ec93ec5c4 h1:b4ZACQ6uJDA/bSb7w8JgkzMLGrhOTahrBaGXoKTi47k=
github.com/wasmcloud/tinygo-msgpack v0.1.3-0.20220520001432-192ec93ec5c4/go.mod h1:VqjkQtxp6pkww69P2+OrvYhUHVpxczpATQKWbWA9WEU=
github.com/wasmcloud/tinygo-msgpack v0.1.4 h1:jhZ0txnn+WiOuUCpulDjC7nHHpAaaxElF+KgXXYu3DA=
github.com/wasmcloud/tinygo-msgpack v0.1.4/go.mod h1:VqjkQtxp6pkww69P2+OrvYhUHVpxczpATQKWbWA9WEU=
gopkg.in/check.v1 v0.0.0-20161208181325-20d25e280405/go.mod h1:Co6ibVJAznAaIkqp8huTwlJQCZ016jof/cbN4VW5Yz0=
gopkg.in/yaml.v3 v3.0.0-20200313102051-9f266ea9e77c h1:dUUwHk2QECo/6vqA44rthZ8ie2QXMNeKRTHCNY2nXvo=
gopkg.in/yaml.v3 v3.0.0-20200313102051-9f266ea9e77c/go.mod h1:K4uyk7z7BCEPqu6E+C64Yfv1cQ7kz7rIZviUmN+EgEM=
