github.com/davecgh/go-spew v1.1.0/go.mod h1:J7Y8YcW2NihsgmVo/mv3lAwl/skON4iLHjSsI+c5H38=
github.com/pmezard/go-difflib v1.0.0/go.mod h1:iKH77koFhYxTK1pcRnkKkqfTogsbg7gZNVY4sRDYZ/4=
github.com/stretchr/objx v0.1.0/go.mod h1:HFkY916IF+rwdDfMAkV7OtwuqBVzrE8GR6GFx+wExME=
github.com/stretchr/testify v1.6.1/go.mod h1:6Fq8oRcR53rry900zMqJjRRixrwX3KX962/h/Wwjteg=
github.com/wapc/tinygo-msgpack v0.1.2 h1:E23yCc6PIJKOJqitRCprgqVV3k0XtH9wWsWmqIsqcgA=
github.com/wapc/tinygo-msgpack v0.1.2/go.mod h1:0Tf6eV/BIsWYhOSMHpqtwXjtwiyDKHCOy29cAFqY7uE=
github.com/wapc/wapc-guest-tinygo v0.3.0 h1:nBbzqjntOSA4jXamwhfCDQhlOtfneGNPxRG0dI5MZVE=
github.com/wapc/wapc-guest-tinygo v0.3.0/go.mod h1:Jssn+ovE+Y2oueUgVeLyGZf2ipUPngVnWTNPM8zmhn0=
github.com/wasmcloud/actor-interfaces v0.0.0-20210318143554-bfbca37bcd44 h1:jsMHcIknUTfFiskiFcLoNnC5RB/xLvaJMUyvBzMo+XE=
github.com/wasmcloud/actor-interfaces v0.0.0-20210323162020-7c525634bf3d h1:KuPFRjRRwO5v4W3beZHIk+sil/WDy712i5t9iOvat2Q=
github.com/wasmcloud/actor-interfaces/actor-core/go v0.0.0-20210318143554-bfbca37bcd44 h1:XuJ4y04r7A7JCADvGLebXKXSTY1i9iB3npAVr1JFGu0=
github.com/wasmcloud/actor-interfaces/actor-core/go v0.0.0-20210318143554-bfbca37bcd44/go.mod h1:5Ffr0gCS4Nf+2Bdi3ijzy3fC6zyWLNHczRla5Lt5Nc0=
github.com/wasmcloud/actor-interfaces/blobstore/go v0.0.0-20210323162020-7c525634bf3d h1:vJlVTUeh90LLctJOcyHsfAfYr3a0jOaR7a98fCI22AQ=
github.com/wasmcloud/actor-interfaces/blobstore/go v0.0.0-20210323162020-7c525634bf3d/go.mod h1:3J4DXT+sMC+RvwAnYuEewHhqxwdCpFAiO/OBdpbHez8=
github.com/wasmcloud/actor-interfaces/http-server/go v0.0.0-20210318143554-bfbca37bcd44 h1:Ecsr3M3cFrF8vj6ERCXpNSjbHI+rLw++09ozXR48I84=
github.com/wasmcloud/actor-interfaces/http-server/go v0.0.0-20210318143554-bfbca37bcd44/go.mod h1:7WNHF7PXhGHtr+lTcsWNmaqtXPHCisPd9AD1GfGkhVY=
gopkg.in/check.v1 v0.0.0-20161208181325-20d25e280405/go.mod h1:Co6ibVJAznAaIkqp8huTwlJQCZ016jof/cbN4VW5Yz0=
gopkg.in/yaml.v3 v3.0.0-20200313102051-9f266ea9e77c/go.mod h1:K4uyk7z7BCEPqu6E+C64Yfv1cQ7kz7rIZviUmN+EgEM=
