github.com/bombsimon/logrusr/v3 v3.1.0 h1:zORbLM943D+hDMGgyjMhSAz/iDz86ZV72qaak/CA0zQ=
github.com/bombsimon/logrusr/v3 v3.1.0/go.mod h1:PksPPgSFEL2I52pla2glgCyyd2OqOHAnFF5E+g8Ixco=
github.com/davecgh/go-spew v1.1.0/go.mod h1:J7Y8YcW2NihsgmVo/mv3lAwl/skON4iLHjSsI+c5H38=
github.com/davecgh/go-spew v1.1.1 h1:vj9j/u1bqnvCEfJOwUhtlOARqs3+rkHYY13jYWTU97c=
github.com/davecgh/go-spew v1.1.1/go.mod h1:J7Y8YcW2NihsgmVo/mv3lAwl/skON4iLHjSsI+c5H38=
github.com/go-logr/logr v1.2.3 h1:2DntVwHkVopvECVRSlL5PSo9eG+cAkDCuckLubN+rq0=
github.com/go-logr/logr v1.2.3/go.mod h1:jdQByPbusPIv2/zmleS9BjJVeZ6kBagPoEUsqbVz/1A=
github.com/golang-jwt/jwt v3.2.2+incompatible h1:IfV12K8xAKAnZqdXVzCZ+TOjboZ2keLg81eXfW3O+oY=
github.com/golang-jwt/jwt v3.2.2+incompatible/go.mod h1:8pz2t5EyA70fFQQSrl6XZXzqecmYZeUEB8OUGHkxJ+I=
github.com/golang/protobuf v1.5.2 h1:ROPKBNFfQgOUMifHyP+KYbvpjbdoFNs+aK7DXlji0Tw=
github.com/google/uuid v1.3.0 h1:t6JiXgmwXMjEs8VusXIJk2BXHsn+wx8BZdTaoZ5fu7I=
github.com/google/uuid v1.3.0/go.mod h1:TIyPZe4MgqvfeYDBFedMoGGpEw/LqOeaOT+nhxU+yHo=
github.com/klauspost/compress v1.15.12 h1:YClS/PImqYbn+UILDnqxQCZ3RehC9N318SU3kElDUEM=
github.com/klauspost/compress v1.15.12/go.mod h1:QPwzmACJjUTFsnSHH934V6woptycfrDDJnH7hvFVbGM=
github.com/minio/highwayhash v1.0.2 h1:Aak5U0nElisjDCfPSG79Tgzkn2gl66NxOMspRrKnA/g=
github.com/minio/highwayhash v1.0.2/go.mod h1:BQskDq+xkJ12lmlUUi7U0M5Swg3EWR+dLTk+kldvVxY=
github.com/nats-io/jwt/v2 v2.3.0 h1:z2mA1a7tIf5ShggOFlR1oBPgd6hGqcDYsISxZByUzdI=
github.com/nats-io/jwt/v2 v2.3.0/go.mod h1:0tqz9Hlu6bCBFLWAASKhE5vUA4c24L9KPUUgvwumE/k=
github.com/nats-io/nats-server/v2 v2.9.7 h1:VBlfq7xvv/72v0mzGZ2rgsDzUoVyX2Xhssl9XpKDue0=
github.com/nats-io/nats.go v1.21.0 h1:kQiWyQMMMIPjDR7NanrLhTnRUxWgU04yrzmYdq9JxCU=
github.com/nats-io/nats.go v1.21.0/go.mod h1:tLqubohF7t4z3du1QDPYJIQQyhb4wl6DhjxEajSI7UA=
github.com/nats-io/nkeys v0.3.0 h1:cgM5tL53EvYRU+2YLXIK0G2mJtK12Ft9oeooSZMA2G8=
github.com/nats-io/nkeys v0.3.0/go.mod h1:gvUNGjVcM2IPr5rCsRsC6Wb3Hr2CQAm08dsxtV6A5y4=
github.com/nats-io/nuid v1.0.1 h1:5iA8DT8V7q8WK2EScv2padNa/rTESc1KdnPw4TC2paw=
github.com/nats-io/nuid v1.0.1/go.mod h1:19wcPz3Ph3q0Jbyiqsd0kePYG7A95tJPxeL+1OSON2c=
github.com/pmezard/go-difflib v1.0.0 h1:4DBwDE0NGyQoBHbLQYPwSUPoCMWR5BEzIk/f1lZbAQM=
github.com/pmezard/go-difflib v1.0.0/go.mod h1:iKH77koFhYxTK1pcRnkKkqfTogsbg7gZNVY4sRDYZ/4=
github.com/sirupsen/logrus v1.9.0 h1:trlNQbNUG3OdDrDil03MCb1H2o9nJ1x4/5LYw7byDE0=
github.com/sirupsen/logrus v1.9.0/go.mod h1:naHLuLoDiP4jHNo9R0sCBMtWGeIprob74mVsIT4qYEQ=
github.com/stretchr/objx v0.1.0/go.mod h1:HFkY916IF+rwdDfMAkV7OtwuqBVzrE8GR6GFx+wExME=
github.com/stretchr/testify v1.7.0/go.mod h1:6Fq8oRcR53rry900zMqJjRRixrwX3KX962/h/Wwjteg=
github.com/stretchr/testify v1.8.0 h1:pSgiaMZlXftHpm5L7V1+rVB+AZJydKsMxsQBIJw4PKk=
github.com/wasmCloud/provider-sdk-go v0.0.0-20221208172953-ea5027860e8a h1:ARjdMQkqJpHZRQt+euJrIcuyTK75MvdGtErzAqob5J4=
github.com/wasmCloud/provider-sdk-go v0.0.0-20221208172953-ea5027860e8a/go.mod h1:dfqup5RYJC7yfumhZpQ/1hrQl0AEQgxMaYzs6BAqVWg=
github.com/wasmCloud/provider-sdk-go v0.0.0-20221208235810-5bc11be6c3ea h1:eFwEsFenqX/8lX2PIgw0wJbvcEyY3oFzCAA7FH7L+8o=
github.com/wasmCloud/provider-sdk-go v0.0.0-20221208235810-5bc11be6c3ea/go.mod h1:52taisMcGETxhL6X0EFr6/Vi5xk9GwU3prqPad0CuPs=
github.com/wasmcloud/actor-tinygo v0.1.3 h1:Ucv4qW7GMYYcEegzmFO1vyq+aFDPnB6doBbfLZ9ZCK8=
github.com/wasmcloud/actor-tinygo v0.1.3/go.mod h1:YkUiUMwwoutfMg7Zp9wXpL5V2KLjTz96VdqT3CEwRq8=
github.com/wasmcloud/interfaces/core/tinygo v0.0.0-20221207211951-730867f0b1e5 h1:YmfPFRLJybEGLYFH0SWw6BI5A5mEEEJbe0lDQKV83EE=
github.com/wasmcloud/interfaces/core/tinygo v0.0.0-20221207211951-730867f0b1e5/go.mod h1:1m8Wppz1fugPLHnElqBsbzT6ZTZyzCh6Uwoy+m4EIrM=
github.com/wasmcloud/interfaces/keyvalue/tinygo v0.0.0-20221207211951-730867f0b1e5 h1:HlNa52V/hDwlCykAiZj4sEPfoEfbW4yUUXgcAlmbnDw=
github.com/wasmcloud/interfaces/keyvalue/tinygo v0.0.0-20221207211951-730867f0b1e5/go.mod h1:9/wqsPlkc3v1uiHESDcB5YtPaHXVGsc8ApgSqkuG9nQ=
github.com/wasmcloud/tinygo-cbor v0.1.0 h1:n9X+GK5XB3P8TJK4pSzGahcHUmMONW5pZ5f9lTCzsX8=
github.com/wasmcloud/tinygo-cbor v0.1.0/go.mod h1:j7SE4KKfYiyAnLSdEcK2bEyyLA38yCDrGi1wLU+YETQ=
github.com/wasmcloud/tinygo-msgpack v0.1.4 h1:jhZ0txnn+WiOuUCpulDjC7nHHpAaaxElF+KgXXYu3DA=
github.com/wasmcloud/tinygo-msgpack v0.1.4/go.mod h1:VqjkQtxp6pkww69P2+OrvYhUHVpxczpATQKWbWA9WEU=
golang.org/x/crypto v0.0.0-20210314154223-e6e6c4f2bb5b/go.mod h1:T9bdIzuCu7OtxOm1hfPfRQxPLYneinmdGuTeoZ9dtd4=
golang.org/x/crypto v0.4.0 h1:UVQgzMY87xqpKNgb+kDsll2Igd33HszWHFLmpaRMq/8=
golang.org/x/crypto v0.4.0/go.mod h1:3quD/ATkf6oY+rnes5c3ExXTbLc8mueNue5/DoinL80=
golang.org/x/net v0.0.0-20210226172049-e18ecbb05110/go.mod h1:m0MpNAwzfU5UDzcl9v0D8zg8gWTRqZa9RBIspLL5mdg=
golang.org/x/sys v0.0.0-20190130150945-aca44879d564/go.mod h1:STP8DvDyc/dI5b8T5hshtkjS+E42TnysNCUPdjciGhY=
golang.org/x/sys v0.0.0-20201119102817-f84b799fce68/go.mod h1:h1NjWce9XRLGQEsW7wpKNCjG9DtNlClVuFLEZdDNbEs=
golang.org/x/sys v0.0.0-20220715151400-c0bba94af5f8/go.mod h1:oPkhp1MJrh7nUepCBck5+mAzfO9JrbApNNgaTdGDITg=
golang.org/x/sys v0.3.0 h1:w8ZOecv6NaNa/zC8944JTU3vz4u6Lagfk4RPQxv92NQ=
golang.org/x/sys v0.3.0/go.mod h1:oPkhp1MJrh7nUepCBck5+mAzfO9JrbApNNgaTdGDITg=
golang.org/x/term v0.0.0-20201126162022-7de9c90e9dd1/go.mod h1:bj7SfCRtBDWHUb9snDiAeCFNEtKQo2Wmx5Cou7ajbmo=
golang.org/x/text v0.3.3/go.mod h1:5Zoc/QRtKVWzQhOtBMvqHzDpF6irO9z98xDceosuGiQ=
golang.org/x/time v0.3.0 h1:rg5rLMjNzMS1RkNLzCG38eapWhnYLFYXDXj2gOlr8j4=
golang.org/x/time v0.3.0/go.mod h1:tRJNPiyCQ0inRvYxbN9jk5I+vvW/OXSQhTDSoE431IQ=
golang.org/x/tools v0.0.0-20180917221912-90fa682c2a6e/go.mod h1:n7NCudcB/nEzxVGmLbDWY5pfWTLqBcC2KZ6jyYvM4mQ=
google.golang.org/protobuf v1.28.1 h1:d0NfwRgPtno5B1Wa6L2DAG+KivqkdutMf1UhdNx175w=
gopkg.in/check.v1 v0.0.0-20161208181325-20d25e280405/go.mod h1:Co6ibVJAznAaIkqp8huTwlJQCZ016jof/cbN4VW5Yz0=
gopkg.in/yaml.v3 v3.0.0-20200313102051-9f266ea9e77c/go.mod h1:K4uyk7z7BCEPqu6E+C64Yfv1cQ7kz7rIZviUmN+EgEM=
gopkg.in/yaml.v3 v3.0.0 h1:hjy8E9ON/egN1tAYqKb61G10WtihqetD4sz2H+8nIeA=
