{
  "name": "calculator",
  "version": "0.1.0",
  "lockfileVersion": 2,
  "requires": true,
  "packages": {
    "": {
      "name": "calculator",
      "version": "0.1.0",
      "license": "Apache-2.0",
      "dependencies": {
        "@assemblyscript/loader": "^0.18.30",
        "@wapc/as-guest": "^v0.2.1",
        "@wapc/as-msgpack": "^0.1.11",
        "@wasmcloud/actor-core": "^0.1.2",
        "@wasmcloud/actor-http-server": "^0.1.4",
        "asc": "^2.0.2"
      },
      "devDependencies": {
        "assemblyscript": "^0.17.14",
        "prettier": "^2.0.2"
      }
    },
    "node_modules/@assemblyscript/loader": {
      "version": "0.18.30",
      "resolved": "https://registry.npmjs.org/@assemblyscript/loader/-/loader-0.18.30.tgz",
      "integrity": "sha512-hKy078u8GBaV6/Tv6JkBFtns+tLM58DvjXTEdb26mYvl/uZ/QYrGAV79V9TBTndr9I6EHyrHKBrxghI5Cnb3MQ=="
    },
    "node_modules/@wapc/as-guest": {
      "version": "0.2.1",
      "resolved": "https://registry.npmjs.org/@wapc/as-guest/-/as-guest-0.2.1.tgz",
      "integrity": "sha512-67qrVC5MflfdTuXCG4P5mysifGgIt+AshBX5ZC1uRWYsBpsxQzP1WP9w/4vWJtTyTXUomvL9unmKJq+dLwqfNw=="
    },
    "node_modules/@wapc/as-msgpack": {
      "version": "0.1.12",
      "resolved": "https://registry.npmjs.org/@wapc/as-msgpack/-/as-msgpack-0.1.12.tgz",
      "integrity": "sha512-W8n18/NSa+HhC/NWZNz6rULBNaG2i0XsjCWxZhiC1EWRYpWqv18rBtTPQD/qOACUL1coLSGGKR1z8Rule15a8Q=="
    },
    "node_modules/@wasmcloud/actor-core": {
      "version": "0.1.2",
      "resolved": "https://registry.npmjs.org/@wasmcloud/actor-core/-/actor-core-0.1.2.tgz",
      "integrity": "sha512-Sv7bLQNg1tdPY2wDHSgtHkU0C+WGXcKLvkycPpY58045WS81O+K9IL5bTi305MHvYEZLXW8EYbek6lXzyX0aNg==",
      "dependencies": {
        "@wapc/as-guest": "^v0.2.1",
        "@wapc/as-msgpack": "^0.1.11"
      }
    },
    "node_modules/@wasmcloud/actor-http-server": {
      "version": "0.1.4",
      "resolved": "https://registry.npmjs.org/@wasmcloud/actor-http-server/-/actor-http-server-0.1.4.tgz",
      "integrity": "sha512-AEcKYY2cRmHY2gDR7Bi2tGCE2Tlg2bVWkfCyJlF9HR8VsyWg9v6aKuQXdf40048VJjwLssRb9BrRIt6PmGIyAg==",
      "dependencies": {
        "@wapc/as-guest": "^v0.2.1",
        "@wapc/as-msgpack": "^0.1.11"
      }
    },
    "node_modules/asc": {
      "version": "2.0.2",
      "resolved": "https://registry.npmjs.org/asc/-/asc-2.0.2.tgz",
      "integrity": "sha512-ipdv3A2sgmtkw1d5fMyWTBgqgRmllPUUcd6hdcFSDU5gzfZoVTj0NvDuOBz+N076UhCULJlwvJ5J5vxxVw6hmA==",
      "dependencies": {
        "async": "2.6.2",
        "doublescore": "1.0.0"
      },
      "engines": {
        "node": ">=0.10.0"
      }
    },
    "node_modules/assemblyscript": {
      "version": "0.17.14",
      "resolved": "https://registry.npmjs.org/assemblyscript/-/assemblyscript-0.17.14.tgz",
      "integrity": "sha512-TLuwNvZAIH26wu2puKpAJokzLp10kJkVXxbgDjFFmbW9VF/qg7rkmi0hjsiu41bjoH1UaVgY4vYvbbUeOHtKyg==",
      "dev": true,
      "dependencies": {
        "binaryen": "98.0.0-nightly.20201109",
        "long": "^4.0.0"
      },
      "bin": {
        "asc": "bin/asc",
        "asinit": "bin/asinit"
      },
      "funding": {
        "type": "opencollective",
        "url": "https://opencollective.com/assemblyscript"
      }
    },
    "node_modules/async": {
      "version": "2.6.2",
      "resolved": "https://registry.npmjs.org/async/-/async-2.6.2.tgz",
      "integrity": "sha512-H1qVYh1MYhEEFLsP97cVKqCGo7KfCyTt6uEWqsTBr9SO84oK9Uwbyd/yCW+6rKJLHksBNUVWZDAjfS+Ccx0Bbg==",
      "dependencies": {
        "lodash": "^4.17.11"
      }
    },
    "node_modules/binaryen": {
      "version": "98.0.0-nightly.20201109",
      "resolved": "https://registry.npmjs.org/binaryen/-/binaryen-98.0.0-nightly.20201109.tgz",
      "integrity": "sha512-iRarAqdH5lMWlMBzrDuJgLYJR2g4QXk93iYE2zpr6gEZkb/jCgDpPUXdhuN11Ge1zZ/6By4DwA1mmifcx7FWaw==",
      "dev": true,
      "bin": {
        "wasm-opt": "bin/wasm-opt"
      }
    },
    "node_modules/doublescore": {
      "version": "1.0.0",
      "resolved": "https://registry.npmjs.org/doublescore/-/doublescore-1.0.0.tgz",
      "integrity": "sha512-oQiz8h433jrhQC5w/bpTiaegrpoia1+xCDhY/LMHKFVWm+zILeV4VcQPflFdkIzXcaNa78toIYz0jjFGa2Igew==",
      "engines": {
        "node": ">=10.0.0"
      }
    },
    "node_modules/lodash": {
      "version": "4.17.21",
      "resolved": "https://registry.npmjs.org/lodash/-/lodash-4.17.21.tgz",
      "integrity": "sha512-v2kDEe57lecTulaDIuNTPy3Ry4gLGJ6Z1O3vE1krgXZNrsQ+LFTGHVxVjcXPs17LhbZVGedAJv8XZ1tvj5FvSg=="
    },
    "node_modules/long": {
      "version": "4.0.0",
      "resolved": "https://registry.npmjs.org/long/-/long-4.0.0.tgz",
      "integrity": "sha512-XsP+KhQif4bjX1kbuSiySJFNAehNxgLb6hPRGJ9QsUr8ajHkuXGdrHmFUTUUXhDwVX2R5bY4JNZEwbUiMhV+MA==",
      "dev": true
    },
    "node_modules/prettier": {
      "version": "2.2.1",
      "resolved": "https://registry.npmjs.org/prettier/-/prettier-2.2.1.tgz",
      "integrity": "sha512-PqyhM2yCjg/oKkFPtTGUojv7gnZAoG80ttl45O6x2Ug/rMJw4wcc9k6aaf2hibP7BGVCCM33gZoGjyvt9mm16Q==",
      "dev": true,
      "bin": {
        "prettier": "bin-prettier.js"
      },
      "engines": {
        "node": ">=10.13.0"
      }
    }
  },
  "dependencies": {
    "@assemblyscript/loader": {
      "version": "0.18.30",
      "resolved": "https://registry.npmjs.org/@assemblyscript/loader/-/loader-0.18.30.tgz",
      "integrity": "sha512-hKy078u8GBaV6/Tv6JkBFtns+tLM58DvjXTEdb26mYvl/uZ/QYrGAV79V9TBTndr9I6EHyrHKBrxghI5Cnb3MQ=="
    },
    "@wapc/as-guest": {
      "version": "0.2.1",
      "resolved": "https://registry.npmjs.org/@wapc/as-guest/-/as-guest-0.2.1.tgz",
      "integrity": "sha512-67qrVC5MflfdTuXCG4P5mysifGgIt+AshBX5ZC1uRWYsBpsxQzP1WP9w/4vWJtTyTXUomvL9unmKJq+dLwqfNw=="
    },
    "@wapc/as-msgpack": {
      "version": "0.1.12",
      "resolved": "https://registry.npmjs.org/@wapc/as-msgpack/-/as-msgpack-0.1.12.tgz",
      "integrity": "sha512-W8n18/NSa+HhC/NWZNz6rULBNaG2i0XsjCWxZhiC1EWRYpWqv18rBtTPQD/qOACUL1coLSGGKR1z8Rule15a8Q=="
    },
    "@wasmcloud/actor-core": {
      "version": "0.1.2",
      "resolved": "https://registry.npmjs.org/@wasmcloud/actor-core/-/actor-core-0.1.2.tgz",
      "integrity": "sha512-Sv7bLQNg1tdPY2wDHSgtHkU0C+WGXcKLvkycPpY58045WS81O+K9IL5bTi305MHvYEZLXW8EYbek6lXzyX0aNg==",
      "requires": {
        "@wapc/as-guest": "^v0.2.1",
        "@wapc/as-msgpack": "^0.1.11"
      }
    },
    "@wasmcloud/actor-http-server": {
      "version": "0.1.4",
      "resolved": "https://registry.npmjs.org/@wasmcloud/actor-http-server/-/actor-http-server-0.1.4.tgz",
      "integrity": "sha512-AEcKYY2cRmHY2gDR7Bi2tGCE2Tlg2bVWkfCyJlF9HR8VsyWg9v6aKuQXdf40048VJjwLssRb9BrRIt6PmGIyAg==",
      "requires": {
        "@wapc/as-guest": "^v0.2.1",
        "@wapc/as-msgpack": "^0.1.11"
      }
    },
    "asc": {
      "version": "2.0.2",
      "resolved": "https://registry.npmjs.org/asc/-/asc-2.0.2.tgz",
      "integrity": "sha512-ipdv3A2sgmtkw1d5fMyWTBgqgRmllPUUcd6hdcFSDU5gzfZoVTj0NvDuOBz+N076UhCULJlwvJ5J5vxxVw6hmA==",
      "requires": {
        "async": "2.6.2",
        "doublescore": "1.0.0"
      }
    },
    "assemblyscript": {
      "version": "0.17.14",
      "resolved": "https://registry.npmjs.org/assemblyscript/-/assemblyscript-0.17.14.tgz",
      "integrity": "sha512-TLuwNvZAIH26wu2puKpAJokzLp10kJkVXxbgDjFFmbW9VF/qg7rkmi0hjsiu41bjoH1UaVgY4vYvbbUeOHtKyg==",
      "dev": true,
      "requires": {
        "binaryen": "98.0.0-nightly.20201109",
        "long": "^4.0.0"
      }
    },
    "async": {
      "version": "2.6.2",
      "resolved": "https://registry.npmjs.org/async/-/async-2.6.2.tgz",
      "integrity": "sha512-H1qVYh1MYhEEFLsP97cVKqCGo7KfCyTt6uEWqsTBr9SO84oK9Uwbyd/yCW+6rKJLHksBNUVWZDAjfS+Ccx0Bbg==",
      "requires": {
        "lodash": "^4.17.11"
      }
    },
    "binaryen": {
      "version": "98.0.0-nightly.20201109",
      "resolved": "https://registry.npmjs.org/binaryen/-/binaryen-98.0.0-nightly.20201109.tgz",
      "integrity": "sha512-iRarAqdH5lMWlMBzrDuJgLYJR2g4QXk93iYE2zpr6gEZkb/jCgDpPUXdhuN11Ge1zZ/6By4DwA1mmifcx7FWaw==",
      "dev": true
    },
    "doublescore": {
      "version": "1.0.0",
      "resolved": "https://registry.npmjs.org/doublescore/-/doublescore-1.0.0.tgz",
      "integrity": "sha512-oQiz8h433jrhQC5w/bpTiaegrpoia1+xCDhY/LMHKFVWm+zILeV4VcQPflFdkIzXcaNa78toIYz0jjFGa2Igew=="
    },
    "lodash": {
      "version": "4.17.21",
      "resolved": "https://registry.npmjs.org/lodash/-/lodash-4.17.21.tgz",
      "integrity": "sha512-v2kDEe57lecTulaDIuNTPy3Ry4gLGJ6Z1O3vE1krgXZNrsQ+LFTGHVxVjcXPs17LhbZVGedAJv8XZ1tvj5FvSg=="
    },
    "long": {
      "version": "4.0.0",
      "resolved": "https://registry.npmjs.org/long/-/long-4.0.0.tgz",
      "integrity": "sha512-XsP+KhQif4bjX1kbuSiySJFNAehNxgLb6hPRGJ9QsUr8ajHkuXGdrHmFUTUUXhDwVX2R5bY4JNZEwbUiMhV+MA==",
      "dev": true
    },
    "prettier": {
      "version": "2.2.1",
      "resolved": "https://registry.npmjs.org/prettier/-/prettier-2.2.1.tgz",
      "integrity": "sha512-PqyhM2yCjg/oKkFPtTGUojv7gnZAoG80ttl45O6x2Ug/rMJw4wcc9k6aaf2hibP7BGVCCM33gZoGjyvt9mm16Q==",
      "dev": true
    }
  }
}
